
Microsoft Visual Studio Solution File, Format Version 12.00
# Visual Studio 15
VisualStudioVersion = 15.0.27130.2027
MinimumVisualStudioVersion = 10.0.40219.1
Project("{9A19103F-16F7-4668-BE54-9A1E7A4F7556}") = "RecruitmentManager", "RecruitmentManager\RecruitmentManager.csproj", "{C17FAF45-E534-4373-BEA8-B50890BE9072}"
EndProject
Global
	GlobalSection(SolutionConfigurationPlatforms) = preSolution
		Debug|Any CPU = Debug|Any CPU
		Release|Any CPU = Release|Any CPU
	EndGlobalSection
	GlobalSection(ProjectConfigurationPlatforms) = postSolution
		{C17FAF45-E534-4373-BEA8-B50890BE9072}.Debug|Any CPU.ActiveCfg = Debug|Any CPU
		{C17FAF45-E534-4373-BEA8-B50890BE9072}.Debug|Any CPU.Build.0 = Debug|Any CPU
		{C17FAF45-E534-4373-BEA8-B50890BE9072}.Release|Any CPU.ActiveCfg = Release|Any CPU
		{C17FAF45-E534-4373-BEA8-B50890BE9072}.Release|Any CPU.Build.0 = Release|Any CPU
	EndGlobalSection
	GlobalSection(SolutionProperties) = preSolution
		HideSolutionNode = FALSE
	EndGlobalSection
	GlobalSection(ExtensibilityGlobals) = postSolution
		SolutionGuid = {894735C7-234F-45FC-9CE4-5052EFAA267A}
	EndGlobalSection
EndGlobal
